{
    "_readme": [
        "This file locks the dependencies of your project to a known state",
        "Read more about it at http://getcomposer.org/doc/01-basic-usage.md#composer-lock-the-lock-file",
        "This file is @generated automatically"
    ],
    "hash": "b43db43cc1d68b3ec0ebf466bcf3bea1",
    "packages": [
        {
            "name": "imanee/imanee",
            "version": "1.0.2",
            "source": {
                "type": "git",
                "url": "https://github.com/imanee/imanee.git",
                "reference": "39eacf5aaec773c7dbb90a4c11f5c478e97bf052"
            },
            "dist": {
                "type": "zip",
                "url": "https://api.github.com/repos/imanee/imanee/zipball/39eacf5aaec773c7dbb90a4c11f5c478e97bf052",
                "reference": "39eacf5aaec773c7dbb90a4c11f5c478e97bf052",
                "shasum": ""
            },
            "require": {
                "ext-imagick": "*",
                "php": ">=5.4.0"
            },
            "require-dev": {
                "phpunit/phpunit": "3.7.*"
            },
            "type": "library",
            "extra": {
                "branch-alias": {
                    "dev-master": "1.0-dev"
                }
            },
            "autoload": {
                "psr-4": {
                    "Imanee\\": "src/"
                }
            },
            "notification-url": "https://packagist.org/downloads/",
            "license": [
                "MIT"
            ],
            "authors": [
                {
                    "name": "Erika Heidi",
                    "email": "erika@erikaheidi.com"
                }
            ],
            "description": "A PHP Image Manipulation Library based on Imagemagick",
            "homepage": "http://imanee.github.com/imanee",
            "keywords": [
                "ImageMagick",
                "image",
                "imagick",
                "php",
                "processing"
            ],
            "time": "2015-02-23 14:37:12"
        }
    ],
    "packages-dev": [],
    "aliases": [],
    "minimum-stability": "stable",
    "stability-flags": [],
    "prefer-stable": false,
    "prefer-lowest": false,
    "platform": [],
    "platform-dev": []
}
